// !$*UTF8*$!
{
	archiveVersion = 1;
	classes = {
	};
	objectVersion = 46;
	objects = {

/* Begin PBXBuildFile section */
		203471FC1E5A5314006E4910 /* AppDelegate.swift in Sources */ = {isa = PBXBuildFile; fileRef = 203471FB1E5A5314006E4910 /* AppDelegate.swift */; };
		203471FE1E5A5314006E4910 /* ViewController.swift in Sources */ = {isa = PBXBuildFile; fileRef = 203471FD1E5A5314006E4910 /* ViewController.swift */; };
		203472011E5A5314006E4910 /* Main.storyboard in Resources */ = {isa = PBXBuildFile; fileRef = 203471FF1E5A5314006E4910 /* Main.storyboard */; };
		203472031E5A5314006E4910 /* Assets.xcassets in Resources */ = {isa = PBXBuildFile; fileRef = 203472021E5A5314006E4910 /* Assets.xcassets */; };
		203472061E5A5314006E4910 /* LaunchScreen.storyboard in Resources */ = {isa = PBXBuildFile; fileRef = 203472041E5A5314006E4910 /* LaunchScreen.storyboard */; };
		203472111E5A5314006E4910 /* NeonPlaygroundTests.swift in Sources */ = {isa = PBXBuildFile; fileRef = 203472101E5A5314006E4910 /* NeonPlaygroundTests.swift */; };
		2034721C1E5A5314006E4910 /* NeonPlaygroundUITests.swift in Sources */ = {isa = PBXBuildFile; fileRef = 2034721B1E5A5314006E4910 /* NeonPlaygroundUITests.swift */; };
		6D8BAC9AFC9CE445F12928F4 /* Pods_NeonPlaygroundTests.framework in Frameworks */ = {isa = PBXBuildFile; fileRef = 63A5DE456354EDBE793D573C /* Pods_NeonPlaygroundTests.framework */; };
		9E9421DE9001EE7D0EB4C34B /* Pods_NeonPlayground.framework in Frameworks */ = {isa = PBXBuildFile; fileRef = 5BBB940FC6FD5C41215DD74F /* Pods_NeonPlayground.framework */; };
		C5E4F6E59146545097C888E9 /* Pods_NeonPlaygroundUITests.framework in Frameworks */ = {isa = PBXBuildFile; fileRef = DB2E3DE6C2368CA7F648992D /* Pods_NeonPlaygroundUITests.framework */; };
/* End PBXBuildFile section */

/* Begin PBXContainerItemProxy section */
		2034720D1E5A5314006E4910 /* PBXContainerItemProxy */ = {
			isa = PBXContainerItemProxy;
			containerPortal = 203471F01E5A5314006E4910 /* Project object */;
			proxyType = 1;
			remoteGlobalIDString = 203471F71E5A5314006E4910;
			remoteInfo = NeonPlayground;
		};
		203472181E5A5314006E4910 /* PBXContainerItemProxy */ = {
			isa = PBXContainerItemProxy;
			containerPortal = 203471F01E5A5314006E4910 /* Project object */;
			proxyType = 1;
			remoteGlobalIDString = 203471F71E5A5314006E4910;
			remoteInfo = NeonPlayground;
		};
/* End PBXContainerItemProxy section */

/* Begin PBXFileReference section */
		203471F81E5A5314006E4910 /* NeonPlayground.app */ = {isa = PBXFileReference; explicitFileType = wrapper.application; includeInIndex = 0; path = NeonPlayground.app; sourceTree = BUILT_PRODUCTS_DIR; };
		203471FB1E5A5314006E4910 /* AppDelegate.swift */ = {isa = PBXFileReference; lastKnownFileType = sourcecode.swift; path = AppDelegate.swift; sourceTree = "<group>"; };
		203471FD1E5A5314006E4910 /* ViewController.swift */ = {isa = PBXFileReference; lastKnownFileType = sourcecode.swift; path = ViewController.swift; sourceTree = "<group>"; };
		203472001E5A5314006E4910 /* Base */ = {isa = PBXFileReference; lastKnownFileType = file.storyboard; name = Base; path = Base.lproj/Main.storyboard; sourceTree = "<group>"; };
		203472021E5A5314006E4910 /* Assets.xcassets */ = {isa = PBXFileReference; lastKnownFileType = folder.assetcatalog; path = Assets.xcassets; sourceTree = "<group>"; };
		203472051E5A5314006E4910 /* Base */ = {isa = PBXFileReference; lastKnownFileType = file.storyboard; name = Base; path = Base.lproj/LaunchScreen.storyboard; sourceTree = "<group>"; };
		203472071E5A5314006E4910 /* Info.plist */ = {isa = PBXFileReference; lastKnownFileType = text.plist.xml; path = Info.plist; sourceTree = "<group>"; };
		2034720C1E5A5314006E4910 /* NeonPlaygroundTests.xctest */ = {isa = PBXFileReference; explicitFileType = wrapper.cfbundle; includeInIndex = 0; path = NeonPlaygroundTests.xctest; sourceTree = BUILT_PRODUCTS_DIR; };
		203472101E5A5314006E4910 /* NeonPlaygroundTests.swift */ = {isa = PBXFileReference; lastKnownFileType = sourcecode.swift; path = NeonPlaygroundTests.swift; sourceTree = "<group>"; };
		203472121E5A5314006E4910 /* Info.plist */ = {isa = PBXFileReference; lastKnownFileType = text.plist.xml; path = Info.plist; sourceTree = "<group>"; };
		203472171E5A5314006E4910 /* NeonPlaygroundUITests.xctest */ = {isa = PBXFileReference; explicitFileType = wrapper.cfbundle; includeInIndex = 0; path = NeonPlaygroundUITests.xctest; sourceTree = BUILT_PRODUCTS_DIR; };
		2034721B1E5A5314006E4910 /* NeonPlaygroundUITests.swift */ = {isa = PBXFileReference; lastKnownFileType = sourcecode.swift; path = NeonPlaygroundUITests.swift; sourceTree = "<group>"; };
		2034721D1E5A5314006E4910 /* Info.plist */ = {isa = PBXFileReference; lastKnownFileType = text.plist.xml; path = Info.plist; sourceTree = "<group>"; };
		2118DE8840A94B1F92184587 /* Pods-NeonPlaygroundUITests.debug.xcconfig */ = {isa = PBXFileReference; includeInIndex = 1; lastKnownFileType = text.xcconfig; name = "Pods-NeonPlaygroundUITests.debug.xcconfig"; path = "Pods/Target Support Files/Pods-NeonPlaygroundUITests/Pods-NeonPlaygroundUITests.debug.xcconfig"; sourceTree = "<group>"; };
		362737977F5BF0B65CF19583 /* Pods-NeonPlayground.release.xcconfig */ = {isa = PBXFileReference; includeInIndex = 1; lastKnownFileType = text.xcconfig; name = "Pods-NeonPlayground.release.xcconfig"; path = "Pods/Target Support Files/Pods-NeonPlayground/Pods-NeonPlayground.release.xcconfig"; sourceTree = "<group>"; };
		57DE3096082A2A10E4D079BF /* Pods-NeonPlaygroundUITests.release.xcconfig */ = {isa = PBXFileReference; includeInIndex = 1; lastKnownFileType = text.xcconfig; name = "Pods-NeonPlaygroundUITests.release.xcconfig"; path = "Pods/Target Support Files/Pods-NeonPlaygroundUITests/Pods-NeonPlaygroundUITests.release.xcconfig"; sourceTree = "<group>"; };
		5BBB940FC6FD5C41215DD74F /* Pods_NeonPlayground.framework */ = {isa = PBXFileReference; explicitFileType = wrapper.framework; includeInIndex = 0; path = Pods_NeonPlayground.framework; sourceTree = BUILT_PRODUCTS_DIR; };
		63A5DE456354EDBE793D573C /* Pods_NeonPlaygroundTests.framework */ = {isa = PBXFileReference; explicitFileType = wrapper.framework; includeInIndex = 0; path = Pods_NeonPlaygroundTests.framework; sourceTree = BUILT_PRODUCTS_DIR; };
		657F975FB966B852B494962F /* Pods-NeonPlayground.debug.xcconfig */ = {isa = PBXFileReference; includeInIndex = 1; lastKnownFileType = text.xcconfig; name = "Pods-NeonPlayground.debug.xcconfig"; path = "Pods/Target Support Files/Pods-NeonPlayground/Pods-NeonPlayground.debug.xcconfig"; sourceTree = "<group>"; };
		AF6A342C07DEE83B409DFF9D /* Pods-NeonPlaygroundTests.release.xcconfig */ = {isa = PBXFileReference; includeInIndex = 1; lastKnownFileType = text.xcconfig; name = "Pods-NeonPlaygroundTests.release.xcconfig"; path = "Pods/Target Support Files/Pods-NeonPlaygroundTests/Pods-NeonPlaygroundTests.release.xcconfig"; sourceTree = "<group>"; };
		AFB867F296E1A279B7E668C2 /* Pods-NeonPlaygroundTests.debug.xcconfig */ = {isa = PBXFileReference; includeInIndex = 1; lastKnownFileType = text.xcconfig; name = "Pods-NeonPlaygroundTests.debug.xcconfig"; path = "Pods/Target Support Files/Pods-NeonPlaygroundTests/Pods-NeonPlaygroundTests.debug.xcconfig"; sourceTree = "<group>"; };
		DB2E3DE6C2368CA7F648992D /* Pods_NeonPlaygroundUITests.framework */ = {isa = PBXFileReference; explicitFileType = wrapper.framework; includeInIndex = 0; path = Pods_NeonPlaygroundUITests.framework; sourceTree = BUILT_PRODUCTS_DIR; };
/* End PBXFileReference section */

/* Begin PBXFrameworksBuildPhase section */
		203471F51E5A5314006E4910 /* Frameworks */ = {
			isa = PBXFrameworksBuildPhase;
			buildActionMask = 2147483647;
			files = (
				9E9421DE9001EE7D0EB4C34B /* Pods_NeonPlayground.framework in Frameworks */,
			);
			runOnlyForDeploymentPostprocessing = 0;
		};
		203472091E5A5314006E4910 /* Frameworks */ = {
			isa = PBXFrameworksBuildPhase;
			buildActionMask = 2147483647;
			files = (
				6D8BAC9AFC9CE445F12928F4 /* Pods_NeonPlaygroundTests.framework in Frameworks */,
			);
			runOnlyForDeploymentPostprocessing = 0;
		};
		203472141E5A5314006E4910 /* Frameworks */ = {
			isa = PBXFrameworksBuildPhase;
			buildActionMask = 2147483647;
			files = (
				C5E4F6E59146545097C888E9 /* Pods_NeonPlaygroundUITests.framework in Frameworks */,
			);
			runOnlyForDeploymentPostprocessing = 0;
		};
/* End PBXFrameworksBuildPhase section */

/* Begin PBXGroup section */
		0DC8CC6F763DA5D4C960DF23 /* Pods */ = {
			isa = PBXGroup;
			children = (
				657F975FB966B852B494962F /* Pods-NeonPlayground.debug.xcconfig */,
				362737977F5BF0B65CF19583 /* Pods-NeonPlayground.release.xcconfig */,
				AFB867F296E1A279B7E668C2 /* Pods-NeonPlaygroundTests.debug.xcconfig */,
				AF6A342C07DEE83B409DFF9D /* Pods-NeonPlaygroundTests.release.xcconfig */,
				2118DE8840A94B1F92184587 /* Pods-NeonPlaygroundUITests.debug.xcconfig */,
				57DE3096082A2A10E4D079BF /* Pods-NeonPlaygroundUITests.release.xcconfig */,
			);
			name = Pods;
			sourceTree = "<group>";
		};
		203471EF1E5A5314006E4910 = {
			isa = PBXGroup;
			children = (
				203471FA1E5A5314006E4910 /* NeonPlayground */,
				2034720F1E5A5314006E4910 /* NeonPlaygroundTests */,
				2034721A1E5A5314006E4910 /* NeonPlaygroundUITests */,
				203471F91E5A5314006E4910 /* Products */,
				0DC8CC6F763DA5D4C960DF23 /* Pods */,
				89CACDAB4ECECFB50ED032F4 /* Frameworks */,
			);
			sourceTree = "<group>";
		};
		203471F91E5A5314006E4910 /* Products */ = {
			isa = PBXGroup;
			children = (
				203471F81E5A5314006E4910 /* NeonPlayground.app */,
				2034720C1E5A5314006E4910 /* NeonPlaygroundTests.xctest */,
				203472171E5A5314006E4910 /* NeonPlaygroundUITests.xctest */,
			);
			name = Products;
			sourceTree = "<group>";
		};
		203471FA1E5A5314006E4910 /* NeonPlayground */ = {
			isa = PBXGroup;
			children = (
				203471FB1E5A5314006E4910 /* AppDelegate.swift */,
				203471FD1E5A5314006E4910 /* ViewController.swift */,
				203471FF1E5A5314006E4910 /* Main.storyboard */,
				203472021E5A5314006E4910 /* Assets.xcassets */,
				203472041E5A5314006E4910 /* LaunchScreen.storyboard */,
				203472071E5A5314006E4910 /* Info.plist */,
			);
			path = NeonPlayground;
			sourceTree = "<group>";
		};
		2034720F1E5A5314006E4910 /* NeonPlaygroundTests */ = {
			isa = PBXGroup;
			children = (
				203472101E5A5314006E4910 /* NeonPlaygroundTests.swift */,
				203472121E5A5314006E4910 /* Info.plist */,
			);
			path = NeonPlaygroundTests;
			sourceTree = "<group>";
		};
		2034721A1E5A5314006E4910 /* NeonPlaygroundUITests */ = {
			isa = PBXGroup;
			children = (
				2034721B1E5A5314006E4910 /* NeonPlaygroundUITests.swift */,
				2034721D1E5A5314006E4910 /* Info.plist */,
			);
			path = NeonPlaygroundUITests;
			sourceTree = "<group>";
		};
		89CACDAB4ECECFB50ED032F4 /* Frameworks */ = {
			isa = PBXGroup;
			children = (
				5BBB940FC6FD5C41215DD74F /* Pods_NeonPlayground.framework */,
				63A5DE456354EDBE793D573C /* Pods_NeonPlaygroundTests.framework */,
				DB2E3DE6C2368CA7F648992D /* Pods_NeonPlaygroundUITests.framework */,
			);
			name = Frameworks;
			sourceTree = "<group>";
		};
/* End PBXGroup section */

/* Begin PBXNativeTarget section */
		203471F71E5A5314006E4910 /* NeonPlayground */ = {
			isa = PBXNativeTarget;
			buildConfigurationList = 203472201E5A5314006E4910 /* Build configuration list for PBXNativeTarget "NeonPlayground" */;
			buildPhases = (
				81DCDB40B3AD3FD1572A034C /* [CP] Check Pods Manifest.lock */,
				203471F41E5A5314006E4910 /* Sources */,
				203471F51E5A5314006E4910 /* Frameworks */,
				203471F61E5A5314006E4910 /* Resources */,
				D22771B5C3DE11BBEB77E1E9 /* [CP] Embed Pods Frameworks */,
				559851B54225CEBD42EF037F /* [CP] Copy Pods Resources */,
			);
			buildRules = (
			);
			dependencies = (
			);
			name = NeonPlayground;
			productName = NeonPlayground;
			productReference = 203471F81E5A5314006E4910 /* NeonPlayground.app */;
			productType = "com.apple.product-type.application";
		};
		2034720B1E5A5314006E4910 /* NeonPlaygroundTests */ = {
			isa = PBXNativeTarget;
			buildConfigurationList = 203472231E5A5314006E4910 /* Build configuration list for PBXNativeTarget "NeonPlaygroundTests" */;
			buildPhases = (
				9285510F4EA2F88C066127DC /* [CP] Check Pods Manifest.lock */,
				203472081E5A5314006E4910 /* Sources */,
				203472091E5A5314006E4910 /* Frameworks */,
				2034720A1E5A5314006E4910 /* Resources */,
				AFA7DFCD472F27988EDB771E /* [CP] Embed Pods Frameworks */,
				465A427953AB0B4A1EAB130E /* [CP] Copy Pods Resources */,
			);
			buildRules = (
			);
			dependencies = (
				2034720E1E5A5314006E4910 /* PBXTargetDependency */,
			);
			name = NeonPlaygroundTests;
			productName = NeonPlaygroundTests;
			productReference = 2034720C1E5A5314006E4910 /* NeonPlaygroundTests.xctest */;
			productType = "com.apple.product-type.bundle.unit-test";
		};
		203472161E5A5314006E4910 /* NeonPlaygroundUITests */ = {
			isa = PBXNativeTarget;
			buildConfigurationList = 203472261E5A5314006E4910 /* Build configuration list for PBXNativeTarget "NeonPlaygroundUITests" */;
			buildPhases = (
				BEDCA2658511EBC4349A5C5F /* [CP] Check Pods Manifest.lock */,
				203472131E5A5314006E4910 /* Sources */,
				203472141E5A5314006E4910 /* Frameworks */,
				203472151E5A5314006E4910 /* Resources */,
				B14244FB1F107B2D8A2E149F /* [CP] Embed Pods Frameworks */,
				8F8CF48016DCCDDB2E05847C /* [CP] Copy Pods Resources */,
			);
			buildRules = (
			);
			dependencies = (
				203472191E5A5314006E4910 /* PBXTargetDependency */,
			);
			name = NeonPlaygroundUITests;
			productName = NeonPlaygroundUITests;
			productReference = 203472171E5A5314006E4910 /* NeonPlaygroundUITests.xctest */;
			productType = "com.apple.product-type.bundle.ui-testing";
		};
/* End PBXNativeTarget section */

/* Begin PBXProject section */
		203471F01E5A5314006E4910 /* Project object */ = {
			isa = PBXProject;
			attributes = {
				LastSwiftUpdateCheck = 0820;
				LastUpgradeCheck = 0820;
				ORGANIZATIONNAME = "Rafael Ribeiro Correia";
				TargetAttributes = {
					203471F71E5A5314006E4910 = {
						CreatedOnToolsVersion = 8.2.1;
						DevelopmentTeam = WRM4UPAZ5R;
						ProvisioningStyle = Automatic;
					};
					2034720B1E5A5314006E4910 = {
						CreatedOnToolsVersion = 8.2.1;
						DevelopmentTeam = WRM4UPAZ5R;
						ProvisioningStyle = Automatic;
						TestTargetID = 203471F71E5A5314006E4910;
					};
					203472161E5A5314006E4910 = {
						CreatedOnToolsVersion = 8.2.1;
						DevelopmentTeam = WRM4UPAZ5R;
						ProvisioningStyle = Automatic;
						TestTargetID = 203471F71E5A5314006E4910;
					};
				};
			};
			buildConfigurationList = 203471F31E5A5314006E4910 /* Build configuration list for PBXProject "NeonPlayground" */;
			compatibilityVersion = "Xcode 3.2";
			developmentRegion = English;
			hasScannedForEncodings = 0;
			knownRegions = (
				en,
				Base,
			);
			mainGroup = 203471EF1E5A5314006E4910;
			productRefGroup = 203471F91E5A5314006E4910 /* Products */;
			projectDirPath = "";
			projectRoot = "";
			targets = (
				203471F71E5A5314006E4910 /* NeonPlayground */,
				2034720B1E5A5314006E4910 /* NeonPlaygroundTests */,
				203472161E5A5314006E4910 /* NeonPlaygroundUITests */,
			);
		};
/* End PBXProject section */

/* Begin PBXResourcesBuildPhase section */
		203471F61E5A5314006E4910 /* Resources */ = {
			isa = PBXResourcesBuildPhase;
			buildActionMask = 2147483647;
			files = (
				203472061E5A5314006E4910 /* LaunchScreen.storyboard in Resources */,
				203472031E5A5314006E4910 /* Assets.xcassets in Resources */,
				203472011E5A5314006E4910 /* Main.storyboard in Resources */,
			);
			runOnlyForDeploymentPostprocessing = 0;
		};
		2034720A1E5A5314006E4910 /* Resources */ = {
			isa = PBXResourcesBuildPhase;
			buildActionMask = 2147483647;
			files = (
			);
			runOnlyForDeploymentPostprocessing = 0;
		};
		203472151E5A5314006E4910 /* Resources */ = {
			isa = PBXResourcesBuildPhase;
			buildActionMask = 2147483647;
			files = (
			);
			runOnlyForDeploymentPostprocessing = 0;
		};
/* End PBXResourcesBuildPhase section */

/* Begin PBXShellScriptBuildPhase section */
		465A427953AB0B4A1EAB130E /* [CP] Copy Pods Resources */ = {
			isa = PBXShellScriptBuildPhase;
			buildActionMask = 2147483647;
			files = (
			);
			inputPaths = (
			);
			name = "[CP] Copy Pods Resources";
			outputPaths = (
			);
			runOnlyForDeploymentPostprocessing = 0;
			shellPath = /bin/sh;
			shellScript = "\"${SRCROOT}/Pods/Target Support Files/Pods-NeonPlaygroundTests/Pods-NeonPlaygroundTests-resources.sh\"\n";
			showEnvVarsInLog = 0;
		};
		559851B54225CEBD42EF037F /* [CP] Copy Pods Resources */ = {
			isa = PBXShellScriptBuildPhase;
			buildActionMask = 2147483647;
			files = (
			);
			inputPaths = (
			);
			name = "[CP] Copy Pods Resources";
			outputPaths = (
			);
			runOnlyForDeploymentPostprocessing = 0;
			shellPath = /bin/sh;
			shellScript = "\"${SRCROOT}/Pods/Target Support Files/Pods-NeonPlayground/Pods-NeonPlayground-resources.sh\"\n";
			showEnvVarsInLog = 0;
		};
		81DCDB40B3AD3FD1572A034C /* [CP] Check Pods Manifest.lock */ = {
			isa = PBXShellScriptBuildPhase;
			buildActionMask = 2147483647;
			files = (
			);
			inputPaths = (
			);
			name = "[CP] Check Pods Manifest.lock";
			outputPaths = (
			);
			runOnlyForDeploymentPostprocessing = 0;
			shellPath = /bin/sh;
			shellScript = "diff \"${PODS_ROOT}/../Podfile.lock\" \"${PODS_ROOT}/Manifest.lock\" > /dev/null\nif [ $? != 0 ] ; then\n    # print error to STDERR\n    echo \"error: The sandbox is not in sync with the Podfile.lock. Run 'pod install' or update your CocoaPods installation.\" >&2\n    exit 1\nfi\n";
			showEnvVarsInLog = 0;
		};
		8F8CF48016DCCDDB2E05847C /* [CP] Copy Pods Resources */ = {
			isa = PBXShellScriptBuildPhase;
			buildActionMask = 2147483647;
			files = (
			);
			inputPaths = (
			);
			name = "[CP] Copy Pods Resources";
			outputPaths = (
			);
			runOnlyForDeploymentPostprocessing = 0;
			shellPath = /bin/sh;
			shellScript = "\"${SRCROOT}/Pods/Target Support Files/Pods-NeonPlaygroundUITests/Pods-NeonPlaygroundUITests-resources.sh\"\n";
			showEnvVarsInLog = 0;
		};
		9285510F4EA2F88C066127DC /* [CP] Check Pods Manifest.lock */ = {
			isa = PBXShellScriptBuildPhase;
			buildActionMask = 2147483647;
			files = (
			);
			inputPaths = (
			);
			name = "[CP] Check Pods Manifest.lock";
			outputPaths = (
			);
			runOnlyForDeploymentPostprocessing = 0;
			shellPath = /bin/sh;
			shellScript = "diff \"${PODS_ROOT}/../Podfile.lock\" \"${PODS_ROOT}/Manifest.lock\" > /dev/null\nif [ $? != 0 ] ; then\n    # print error to STDERR\n    echo \"error: The sandbox is not in sync with the Podfile.lock. Run 'pod install' or update your CocoaPods installation.\" >&2\n    exit 1\nfi\n";
			showEnvVarsInLog = 0;
		};
		AFA7DFCD472F27988EDB771E /* [CP] Embed Pods Frameworks */ = {
			isa = PBXShellScriptBuildPhase;
			buildActionMask = 2147483647;
			files = (
			);
			inputPaths = (
			);
			name = "[CP] Embed Pods Frameworks";
			outputPaths = (
			);
			runOnlyForDeploymentPostprocessing = 0;
			shellPath = /bin/sh;
			shellScript = "\"${SRCROOT}/Pods/Target Support Files/Pods-NeonPlaygroundTests/Pods-NeonPlaygroundTests-frameworks.sh\"\n";
			showEnvVarsInLog = 0;
		};
		B14244FB1F107B2D8A2E149F /* [CP] Embed Pods Frameworks */ = {
			isa = PBXShellScriptBuildPhase;
			buildActionMask = 2147483647;
			files = (
			);
			inputPaths = (
			);
			name = "[CP] Embed Pods Frameworks";
			outputPaths = (
			);
			runOnlyForDeploymentPostprocessing = 0;
			shellPath = /bin/sh;
			shellScript = "\"${SRCROOT}/Pods/Target Support Files/Pods-NeonPlaygroundUITests/Pods-NeonPlaygroundUITests-frameworks.sh\"\n";
			showEnvVarsInLog = 0;
		};
		BEDCA2658511EBC4349A5C5F /* [CP] Check Pods Manifest.lock */ = {
			isa = PBXShellScriptBuildPhase;
			buildActionMask = 2147483647;
			files = (
			);
			inputPaths = (
			);
			name = "[CP] Check Pods Manifest.lock";
			outputPaths = (
			);
			runOnlyForDeploymentPostprocessing = 0;
			shellPath = /bin/sh;
			shellScript = "diff \"${PODS_ROOT}/../Podfile.lock\" \"${PODS_ROOT}/Manifest.lock\" > /dev/null\nif [ $? != 0 ] ; then\n    # print error to STDERR\n    echo \"error: The sandbox is not in sync with the Podfile.lock. Run 'pod install' or update your CocoaPods installation.\" >&2\n    exit 1\nfi\n";
			showEnvVarsInLog = 0;
		};
		D22771B5C3DE11BBEB77E1E9 /* [CP] Embed Pods Frameworks */ = {
			isa = PBXShellScriptBuildPhase;
			buildActionMask = 2147483647;
			files = (
			);
			inputPaths = (
			);
			name = "[CP] Embed Pods Frameworks";
			outputPaths = (
			);
			runOnlyForDeploymentPostprocessing = 0;
			shellPath = /bin/sh;
			shellScript = "\"${SRCROOT}/Pods/Target Support Files/Pods-NeonPlayground/Pods-NeonPlayground-frameworks.sh\"\n";
			showEnvVarsInLog = 0;
		};
/* End PBXShellScriptBuildPhase section */

/* Begin PBXSourcesBuildPhase section */
		203471F41E5A5314006E4910 /* Sources */ = {
			isa = PBXSourcesBuildPhase;
			buildActionMask = 2147483647;
			files = (
				203471FE1E5A5314006E4910 /* ViewController.swift in Sources */,
				203471FC1E5A5314006E4910 /* AppDelegate.swift in Sources */,
			);
			runOnlyForDeploymentPostprocessing = 0;
		};
		203472081E5A5314006E4910 /* Sources */ = {
			isa = PBXSourcesBuildPhase;
			buildActionMask = 2147483647;
			files = (
				203472111E5A5314006E4910 /* NeonPlaygroundTests.swift in Sources */,
			);
			runOnlyForDeploymentPostprocessing = 0;
		};
		203472131E5A5314006E4910 /* Sources */ = {
			isa = PBXSourcesBuildPhase;
			buildActionMask = 2147483647;
			files = (
				2034721C1E5A5314006E4910 /* NeonPlaygroundUITests.swift in Sources */,
			);
			runOnlyForDeploymentPostprocessing = 0;
		};
/* End PBXSourcesBuildPhase section */

/* Begin PBXTargetDependency section */
		2034720E1E5A5314006E4910 /* PBXTargetDependency */ = {
			isa = PBXTargetDependency;
			target = 203471F71E5A5314006E4910 /* NeonPlayground */;
			targetProxy = 2034720D1E5A5314006E4910 /* PBXContainerItemProxy */;
		};
		203472191E5A5314006E4910 /* PBXTargetDependency */ = {
			isa = PBXTargetDependency;
			target = 203471F71E5A5314006E4910 /* NeonPlayground */;
			targetProxy = 203472181E5A5314006E4910 /* PBXContainerItemProxy */;
		};
/* End PBXTargetDependency section */

/* Begin PBXVariantGroup section */
		203471FF1E5A5314006E4910 /* Main.storyboard */ = {
			isa = PBXVariantGroup;
			children = (
				203472001E5A5314006E4910 /* Base */,
			);
			name = Main.storyboard;
			sourceTree = "<group>";
		};
		203472041E5A5314006E4910 /* LaunchScreen.storyboard */ = {
			isa = PBXVariantGroup;
			children = (
				203472051E5A5314006E4910 /* Base */,
			);
			name = LaunchScreen.storyboard;
			sourceTree = "<group>";
		};
/* End PBXVariantGroup section */

/* Begin XCBuildConfiguration section */
		2034721E1E5A5314006E4910 /* Debug */ = {
			isa = XCBuildConfiguration;
			buildSettings = {
				ALWAYS_SEARCH_USER_PATHS = NO;
				CLANG_ANALYZER_NONNULL = YES;
				CLANG_CXX_LANGUAGE_STANDARD = "gnu++0x";
				CLANG_CXX_LIBRARY = "libc++";
				CLANG_ENABLE_MODULES = YES;
				CLANG_ENABLE_OBJC_ARC = YES;
				CLANG_WARN_BOOL_CONVERSION = YES;
				CLANG_WARN_CONSTANT_CONVERSION = YES;
				CLANG_WARN_DIRECT_OBJC_ISA_USAGE = YES_ERROR;
				CLANG_WARN_DOCUMENTATION_COMMENTS = YES;
				CLANG_WARN_EMPTY_BODY = YES;
				CLANG_WARN_ENUM_CONVERSION = YES;
				CLANG_WARN_INFINITE_RECURSION = YES;
				CLANG_WARN_INT_CONVERSION = YES;
				CLANG_WARN_OBJC_ROOT_CLASS = YES_ERROR;
				CLANG_WARN_SUSPICIOUS_MOVE = YES;
				CLANG_WARN_UNREACHABLE_CODE = YES;
				CLANG_WARN__DUPLICATE_METHOD_MATCH = YES;
				"CODE_SIGN_IDENTITY[sdk=iphoneos*]" = "iPhone Developer";
				COPY_PHASE_STRIP = NO;
				DEBUG_INFORMATION_FORMAT = dwarf;
				ENABLE_STRICT_OBJC_MSGSEND = YES;
				ENABLE_TESTABILITY = YES;
				GCC_C_LANGUAGE_STANDARD = gnu99;
				GCC_DYNAMIC_NO_PIC = NO;
				GCC_NO_COMMON_BLOCKS = YES;
				GCC_OPTIMIZATION_LEVEL = 0;
				GCC_PREPROCESSOR_DEFINITIONS = (
					"DEBUG=1",
					"$(inherited)",
				);
				GCC_WARN_64_TO_32_BIT_CONVERSION = YES;
				GCC_WARN_ABOUT_RETURN_TYPE = YES_ERROR;
				GCC_WARN_UNDECLARED_SELECTOR = YES;
				GCC_WARN_UNINITIALIZED_AUTOS = YES_AGGRESSIVE;
				GCC_WARN_UNUSED_FUNCTION = YES;
				GCC_WARN_UNUSED_VARIABLE = YES;
				IPHONEOS_DEPLOYMENT_TARGET = 10.2;
				MTL_ENABLE_DEBUG_INFO = YES;
				ONLY_ACTIVE_ARCH = YES;
				SDKROOT = iphoneos;
				SWIFT_ACTIVE_COMPILATION_CONDITIONS = DEBUG;
				SWIFT_OPTIMIZATION_LEVEL = "-Onone";
				TARGETED_DEVICE_FAMILY = "1,2";
			};
			name = Debug;
		};
		2034721F1E5A5314006E4910 /* Release */ = {
			isa = XCBuildConfiguration;
			buildSettings = {
				ALWAYS_SEARCH_USER_PATHS = NO;
				CLANG_ANALYZER_NONNULL = YES;
				CLANG_CXX_LANGUAGE_STANDARD = "gnu++0x";
				CLANG_CXX_LIBRARY = "libc++";
				CLANG_ENABLE_MODULES = YES;
				CLANG_ENABLE_OBJC_ARC = YES;
				CLANG_WARN_BOOL_CONVERSION = YES;
				CLANG_WARN_CONSTANT_CONVERSION = YES;
				CLANG_WARN_DIRECT_OBJC_ISA_USAGE = YES_ERROR;
				CLANG_WARN_DOCUMENTATION_COMMENTS = YES;
				CLANG_WARN_EMPTY_BODY = YES;
				CLANG_WARN_ENUM_CONVERSION = YES;
				CLANG_WARN_INFINITE_RECURSION = YES;
				CLANG_WARN_INT_CONVERSION = YES;
				CLANG_WARN_OBJC_ROOT_CLASS = YES_ERROR;
				CLANG_WARN_SUSPICIOUS_MOVE = YES;
				CLANG_WARN_UNREACHABLE_CODE = YES;
				CLANG_WARN__DUPLICATE_METHOD_MATCH = YES;
				"CODE_SIGN_IDENTITY[sdk=iphoneos*]" = "iPhone Developer";
				COPY_PHASE_STRIP = NO;
				DEBUG_INFORMATION_FORMAT = "dwarf-with-dsym";
				ENABLE_NS_ASSERTIONS = NO;
				ENABLE_STRICT_OBJC_MSGSEND = YES;
				GCC_C_LANGUAGE_STANDARD = gnu99;
				GCC_NO_COMMON_BLOCKS = YES;
				GCC_WARN_64_TO_32_BIT_CONVERSION = YES;
				GCC_WARN_ABOUT_RETURN_TYPE = YES_ERROR;
				GCC_WARN_UNDECLARED_SELECTOR = YES;
				GCC_WARN_UNINITIALIZED_AUTOS = YES_AGGRESSIVE;
				GCC_WARN_UNUSED_FUNCTION = YES;
				GCC_WARN_UNUSED_VARIABLE = YES;
				IPHONEOS_DEPLOYMENT_TARGET = 10.2;
				MTL_ENABLE_DEBUG_INFO = NO;
				SDKROOT = iphoneos;
				SWIFT_OPTIMIZATION_LEVEL = "-Owholemodule";
				TARGETED_DEVICE_FAMILY = "1,2";
				VALIDATE_PRODUCT = YES;
			};
			name = Release;
		};
		203472211E5A5314006E4910 /* Debug */ = {
			isa = XCBuildConfiguration;
			baseConfigurationReference = 657F975FB966B852B494962F /* Pods-NeonPlayground.debug.xcconfig */;
			buildSettings = {
				ASSETCATALOG_COMPILER_APPICON_NAME = AppIcon;
				DEVELOPMENT_TEAM = WRM4UPAZ5R;
				INFOPLIST_FILE = NeonPlayground/Info.plist;
				LD_RUNPATH_SEARCH_PATHS = "$(inherited) @executable_path/Frameworks";
				PRODUCT_BUNDLE_IDENTIFIER = com.rafa.NeonPlayground;
				PRODUCT_NAME = "$(TARGET_NAME)";
				SWIFT_VERSION = 3.0;
			};
			name = Debug;
		};
		203472221E5A5314006E4910 /* Release */ = {
			isa = XCBuildConfiguration;
			baseConfigurationReference = 362737977F5BF0B65CF19583 /* Pods-NeonPlayground.release.xcconfig */;
			buildSettings = {
				ASSETCATALOG_COMPILER_APPICON_NAME = AppIcon;
				DEVELOPMENT_TEAM = WRM4UPAZ5R;
				INFOPLIST_FILE = NeonPlayground/Info.plist;
				LD_RUNPATH_SEARCH_PATHS = "$(inherited) @executable_path/Frameworks";
				PRODUCT_BUNDLE_IDENTIFIER = com.rafa.NeonPlayground;
				PRODUCT_NAME = "$(TARGET_NAME)";
				SWIFT_VERSION = 3.0;
			};
			name = Release;
		};
		203472241E5A5314006E4910 /* Debug */ = {
			isa = XCBuildConfiguration;
			baseConfigurationReference = AFB867F296E1A279B7E668C2 /* Pods-NeonPlaygroundTests.debug.xcconfig */;
			buildSettings = {
				ALWAYS_EMBED_SWIFT_STANDARD_LIBRARIES = YES;
				BUNDLE_LOADER = "$(TEST_HOST)";
				DEVELOPMENT_TEAM = WRM4UPAZ5R;
				INFOPLIST_FILE = NeonPlaygroundTests/Info.plist;
				LD_RUNPATH_SEARCH_PATHS = "$(inherited) @executable_path/Frameworks @loader_path/Frameworks";
				PRODUCT_BUNDLE_IDENTIFIER = com.rafa.NeonPlaygroundTests;
				PRODUCT_NAME = "$(TARGET_NAME)";
				SWIFT_VERSION = 3.0;
				TEST_HOST = "$(BUILT_PRODUCTS_DIR)/NeonPlayground.app/NeonPlayground";
			};
			name = Debug;
		};
		203472251E5A5314006E4910 /* Release */ = {
			isa = XCBuildConfiguration;
			baseConfigurationReference = AF6A342C07DEE83B409DFF9D /* Pods-NeonPlaygroundTests.release.xcconfig */;
			buildSettings = {
				ALWAYS_EMBED_SWIFT_STANDARD_LIBRARIES = YES;
				BUNDLE_LOADER = "$(TEST_HOST)";
				DEVELOPMENT_TEAM = WRM4UPAZ5R;
				INFOPLIST_FILE = NeonPlaygroundTests/Info.plist;
				LD_RUNPATH_SEARCH_PATHS = "$(inherited) @executable_path/Frameworks @loader_path/Frameworks";
				PRODUCT_BUNDLE_IDENTIFIER = com.rafa.NeonPlaygroundTests;
				PRODUCT_NAME = "$(TARGET_NAME)";
				SWIFT_VERSION = 3.0;
				TEST_HOST = "$(BUILT_PRODUCTS_DIR)/NeonPlayground.app/NeonPlayground";
			};
			name = Release;
		};
		203472271E5A5314006E4910 /* Debug */ = {
			isa = XCBuildConfiguration;
			baseConfigurationReference = 2118DE8840A94B1F92184587 /* Pods-NeonPlaygroundUITests.debug.xcconfig */;
			buildSettings = {
				ALWAYS_EMBED_SWIFT_STANDARD_LIBRARIES = YES;
				DEVELOPMENT_TEAM = WRM4UPAZ5R;
				INFOPLIST_FILE = NeonPlaygroundUITests/Info.plist;
				LD_RUNPATH_SEARCH_PATHS = "$(inherited) @executable_path/Frameworks @loader_path/Frameworks";
				PRODUCT_BUNDLE_IDENTIFIER = com.rafa.NeonPlaygroundUITests;
				PRODUCT_NAME = "$(TARGET_NAME)";
				SWIFT_VERSION = 3.0;
				TEST_TARGET_NAME = NeonPlayground;
			};
			name = Debug;
		};
		203472281E5A5314006E4910 /* Release */ = {
			isa = XCBuildConfiguration;
			baseConfigurationReference = 57DE3096082A2A10E4D079BF /* Pods-NeonPlaygroundUITests.release.xcconfig */;
			buildSettings = {
				ALWAYS_EMBED_SWIFT_STANDARD_LIBRARIES = YES;
				DEVELOPMENT_TEAM = WRM4UPAZ5R;
				INFOPLIST_FILE = NeonPlaygroundUITests/Info.plist;
				LD_RUNPATH_SEARCH_PATHS = "$(inherited) @executable_path/Frameworks @loader_path/Frameworks";
				PRODUCT_BUNDLE_IDENTIFIER = com.rafa.NeonPlaygroundUITests;
				PRODUCT_NAME = "$(TARGET_NAME)";
				SWIFT_VERSION = 3.0;
				TEST_TARGET_NAME = NeonPlayground;
			};
			name = Release;
		};
/* End XCBuildConfiguration section */

/* Begin XCConfigurationList section */
		203471F31E5A5314006E4910 /* Build configuration list for PBXProject "NeonPlayground" */ = {
			isa = XCConfigurationList;
			buildConfigurations = (
				2034721E1E5A5314006E4910 /* Debug */,
				2034721F1E5A5314006E4910 /* Release */,
			);
			defaultConfigurationIsVisible = 0;
			defaultConfigurationName = Release;
		};
		203472201E5A5314006E4910 /* Build configuration list for PBXNativeTarget "NeonPlayground" */ = {
			isa = XCConfigurationList;
			buildConfigurations = (
				203472211E5A5314006E4910 /* Debug */,
				203472221E5A5314006E4910 /* Release */,
			);
			defaultConfigurationIsVisible = 0;
		};
		203472231E5A5314006E4910 /* Build configuration list for PBXNativeTarget "NeonPlaygroundTests" */ = {
			isa = XCConfigurationList;
			buildConfigurations = (
				203472241E5A5314006E4910 /* Debug */,
				203472251E5A5314006E4910 /* Release */,
			);
			defaultConfigurationIsVisible = 0;
		};
		203472261E5A5314006E4910 /* Build configuration list for PBXNativeTarget "NeonPlaygroundUITests" */ = {
			isa = XCConfigurationList;
			buildConfigurations = (
				203472271E5A5314006E4910 /* Debug */,
				203472281E5A5314006E4910 /* Release */,
			);
			defaultConfigurationIsVisible = 0;
		};
/* End XCConfigurationList section */
	};
	rootObject = 203471F01E5A5314006E4910 /* Project object */;
}
